// !$*UTF8*$!
{
	archiveVersion = 1;
	classes = {
	};
	objectVersion = 56;
	objects = {

/* Begin PBXBuildFile section */
		74AFAB8329ACAAE500413BD2 /* AppDelegate.swift in Sources */ = {isa = PBXBuildFile; fileRef = 74AFAB8229ACAAE500413BD2 /* AppDelegate.swift */; };
		74AFAB8529ACAAE500413BD2 /* SceneDelegate.swift in Sources */ = {isa = PBXBuildFile; fileRef = 74AFAB8429ACAAE500413BD2 /* SceneDelegate.swift */; };
		74AFAB8D29ACAAE500413BD2 /* LatteGames.xcdatamodeld in Sources */ = {isa = PBXBuildFile; fileRef = 74AFAB8B29ACAAE500413BD2 /* LatteGames.xcdatamodeld */; };
		74AFAB8F29ACAAE500413BD2 /* Assets.xcassets in Resources */ = {isa = PBXBuildFile; fileRef = 74AFAB8E29ACAAE500413BD2 /* Assets.xcassets */; };
		74AFAB9229ACAAE500413BD2 /* LaunchScreen.storyboard in Resources */ = {isa = PBXBuildFile; fileRef = 74AFAB9029ACAAE500413BD2 /* LaunchScreen.storyboard */; };
		74AFAB9D29ACABAC00413BD2 /* TabbarController.swift in Sources */ = {isa = PBXBuildFile; fileRef = 74AFAB9C29ACABAC00413BD2 /* TabbarController.swift */; };
		74AFAB9F29ACABE700413BD2 /* Store.swift in Sources */ = {isa = PBXBuildFile; fileRef = 74AFAB9E29ACABE700413BD2 /* Store.swift */; };
		74AFABA229ACABF800413BD2 /* Server.swift in Sources */ = {isa = PBXBuildFile; fileRef = 74AFABA129ACABF800413BD2 /* Server.swift */; };
		74AFABA529ACBC4200413BD2 /* GamesVC.swift in Sources */ = {isa = PBXBuildFile; fileRef = 74AFABA429ACBC4200413BD2 /* GamesVC.swift */; };
		74AFABA729ACBC4800413BD2 /* GamesVM.swift in Sources */ = {isa = PBXBuildFile; fileRef = 74AFABA629ACBC4800413BD2 /* GamesVM.swift */; };
		74AFABAB29ACBC5A00413BD2 /* FavoritesVC.swift in Sources */ = {isa = PBXBuildFile; fileRef = 74AFABAA29ACBC5A00413BD2 /* FavoritesVC.swift */; };
		74AFABAD29ACBC5F00413BD2 /* FavoritesVM.swift in Sources */ = {isa = PBXBuildFile; fileRef = 74AFABAC29ACBC5F00413BD2 /* FavoritesVM.swift */; };
		74AFABAF29ACBC7100413BD2 /* SearchResultVC.swift in Sources */ = {isa = PBXBuildFile; fileRef = 74AFABAE29ACBC7100413BD2 /* SearchResultVC.swift */; };
		74AFABB129ACBC7A00413BD2 /* SearchResultVM.swift in Sources */ = {isa = PBXBuildFile; fileRef = 74AFABB029ACBC7A00413BD2 /* SearchResultVM.swift */; };
		74AFABB429ACBC9300413BD2 /* DetailVC.swift in Sources */ = {isa = PBXBuildFile; fileRef = 74AFABB329ACBC9300413BD2 /* DetailVC.swift */; };
		74AFABB629ACBC9700413BD2 /* DetailVM.swift in Sources */ = {isa = PBXBuildFile; fileRef = 74AFABB529ACBC9700413BD2 /* DetailVM.swift */; };
		74AFABBD29ACDB5500413BD2 /* ScreenShots.swift in Sources */ = {isa = PBXBuildFile; fileRef = 74AFABBC29ACDB5500413BD2 /* ScreenShots.swift */; };
		74AFABBF29ACDB6800413BD2 /* NetworkResponse.swift in Sources */ = {isa = PBXBuildFile; fileRef = 74AFABBE29ACDB6800413BD2 /* NetworkResponse.swift */; };
		74AFABC229ACDC1C00413BD2 /* GameDetail.swift in Sources */ = {isa = PBXBuildFile; fileRef = 74AFABC129ACDC1C00413BD2 /* GameDetail.swift */; };
		74AFABC429ACDC3A00413BD2 /* GameModel.swift in Sources */ = {isa = PBXBuildFile; fileRef = 74AFABC329ACDC3A00413BD2 /* GameModel.swift */; };
		74B24EE129ACDE35008704F6 /* Constans.swift in Sources */ = {isa = PBXBuildFile; fileRef = 74B24EE029ACDE35008704F6 /* Constans.swift */; };
		74B24EE329ACDF0B008704F6 /* Query.swift in Sources */ = {isa = PBXBuildFile; fileRef = 74B24EE229ACDF0B008704F6 /* Query.swift */; };
		74B24EE729ACF001008704F6 /* SecretKey.swift in Sources */ = {isa = PBXBuildFile; fileRef = 74B24EE629ACF001008704F6 /* SecretKey.swift */; };
		74B24EE929ACF0B9008704F6 /* UICollectionViewLayoutGenerator.swift in Sources */ = {isa = PBXBuildFile; fileRef = 74B24EE829ACF0B9008704F6 /* UICollectionViewLayoutGenerator.swift */; };
		74B24EEC29ACF11E008704F6 /* GameRequest.swift in Sources */ = {isa = PBXBuildFile; fileRef = 74B24EEB29ACF11E008704F6 /* GameRequest.swift */; };
		74B24EEE29ACF124008704F6 /* GameListRequestManager.swift in Sources */ = {isa = PBXBuildFile; fileRef = 74B24EED29ACF124008704F6 /* GameListRequestManager.swift */; };
		74B24EF129ACF267008704F6 /* Array+Ext.swift in Sources */ = {isa = PBXBuildFile; fileRef = 74B24EF029ACF267008704F6 /* Array+Ext.swift */; };
		74B24EF329ACF38A008704F6 /* DataSource+Snapshots.swift in Sources */ = {isa = PBXBuildFile; fileRef = 74B24EF229ACF38A008704F6 /* DataSource+Snapshots.swift */; };
		74B24EF529ACF3C8008704F6 /* DisplayableResource.swift in Sources */ = {isa = PBXBuildFile; fileRef = 74B24EF429ACF3C8008704F6 /* DisplayableResource.swift */; };
		74B24EF829ACF70B008704F6 /* UserFriendlyError.swift in Sources */ = {isa = PBXBuildFile; fileRef = 74B24EF729ACF70B008704F6 /* UserFriendlyError.swift */; };
		74B24EFA29ACF72B008704F6 /* RequestLoader.swift in Sources */ = {isa = PBXBuildFile; fileRef = 74B24EF929ACF72B008704F6 /* RequestLoader.swift */; };
		74B24EFD29ADF9DC008704F6 /* GameCell.swift in Sources */ = {isa = PBXBuildFile; fileRef = 74B24EFC29ADF9DC008704F6 /* GameCell.swift */; };
		74B24F0029ADFBE3008704F6 /* UIView+Ext.swift in Sources */ = {isa = PBXBuildFile; fileRef = 74B24EFF29ADFBE3008704F6 /* UIView+Ext.swift */; };
		74B24F0329ADFD01008704F6 /* LatteLabel.swift in Sources */ = {isa = PBXBuildFile; fileRef = 74B24F0229ADFD01008704F6 /* LatteLabel.swift */; };
		74B24F0629ADFDD3008704F6 /* Theme.swift in Sources */ = {isa = PBXBuildFile; fileRef = 74B24F0529ADFDD3008704F6 /* Theme.swift */; };
		74B24F0829AE3823008704F6 /* FavoriteButton.swift in Sources */ = {isa = PBXBuildFile; fileRef = 74B24F0729AE3823008704F6 /* FavoriteButton.swift */; };
		74B24F0A29AE448E008704F6 /* ImageFetcher.swift in Sources */ = {isa = PBXBuildFile; fileRef = 74B24F0929AE448E008704F6 /* ImageFetcher.swift */; };
		74B24F0D29AE4616008704F6 /* LoaderReusableView.swift in Sources */ = {isa = PBXBuildFile; fileRef = 74B24F0C29AE4616008704F6 /* LoaderReusableView.swift */; };
		74B24F0F29AE4623008704F6 /* SearchReusableView.swift in Sources */ = {isa = PBXBuildFile; fileRef = 74B24F0E29AE4623008704F6 /* SearchReusableView.swift */; };
		74B24F1129AE4636008704F6 /* TitleReusableView.swift in Sources */ = {isa = PBXBuildFile; fileRef = 74B24F1029AE4636008704F6 /* TitleReusableView.swift */; };
		74B24F1329AE574E008704F6 /* UIViewController+Ext.swift in Sources */ = {isa = PBXBuildFile; fileRef = 74B24F1229AE574E008704F6 /* UIViewController+Ext.swift */; };
		74B24F1529AF7B51008704F6 /* String+Ext.swift in Sources */ = {isa = PBXBuildFile; fileRef = 74B24F1429AF7B51008704F6 /* String+Ext.swift */; };
		74B24F1729AF7C2C008704F6 /* Date+Ext.swift in Sources */ = {isa = PBXBuildFile; fileRef = 74B24F1629AF7C2C008704F6 /* Date+Ext.swift */; };
		74B24F1A29B143F2008704F6 /* LatteImageView.swift in Sources */ = {isa = PBXBuildFile; fileRef = 74B24F1929B143F2008704F6 /* LatteImageView.swift */; };
		74B24F1C29B2803F008704F6 /* GameDetailRequestManager.swift in Sources */ = {isa = PBXBuildFile; fileRef = 74B24F1B29B2803F008704F6 /* GameDetailRequestManager.swift */; };
		74B24F1F29B50380008704F6 /* RatingInfoView.swift in Sources */ = {isa = PBXBuildFile; fileRef = 74B24F1E29B50380008704F6 /* RatingInfoView.swift */; };
		74B24F2129B63135008704F6 /* ScreenShotsCell.swift in Sources */ = {isa = PBXBuildFile; fileRef = 74B24F2029B63135008704F6 /* ScreenShotsCell.swift */; };
		74B24F2329B87474008704F6 /* Debouncer.swift in Sources */ = {isa = PBXBuildFile; fileRef = 74B24F2229B87474008704F6 /* Debouncer.swift */; };
		74B24F2529B88123008704F6 /* Int+Ext.swift in Sources */ = {isa = PBXBuildFile; fileRef = 74B24F2429B88123008704F6 /* Int+Ext.swift */; };
/* End PBXBuildFile section */

/* Begin PBXFileReference section */
		74AFAB7F29ACAAE500413BD2 /* LatteGames.app */ = {isa = PBXFileReference; explicitFileType = wrapper.application; includeInIndex = 0; path = LatteGames.app; sourceTree = BUILT_PRODUCTS_DIR; };
		74AFAB8229ACAAE500413BD2 /* AppDelegate.swift */ = {isa = PBXFileReference; lastKnownFileType = sourcecode.swift; path = AppDelegate.swift; sourceTree = "<group>"; };
		74AFAB8429ACAAE500413BD2 /* SceneDelegate.swift */ = {isa = PBXFileReference; lastKnownFileType = sourcecode.swift; path = SceneDelegate.swift; sourceTree = "<group>"; };
		74AFAB8C29ACAAE500413BD2 /* LatteGames.xcdatamodel */ = {isa = PBXFileReference; lastKnownFileType = wrapper.xcdatamodel; path = LatteGames.xcdatamodel; sourceTree = "<group>"; };
		74AFAB8E29ACAAE500413BD2 /* Assets.xcassets */ = {isa = PBXFileReference; lastKnownFileType = folder.assetcatalog; path = Assets.xcassets; sourceTree = "<group>"; };
		74AFAB9129ACAAE500413BD2 /* Base */ = {isa = PBXFileReference; lastKnownFileType = file.storyboard; name = Base; path = Base.lproj/LaunchScreen.storyboard; sourceTree = "<group>"; };
		74AFAB9329ACAAE500413BD2 /* Info.plist */ = {isa = PBXFileReference; lastKnownFileType = text.plist.xml; path = Info.plist; sourceTree = "<group>"; };
		74AFAB9C29ACABAC00413BD2 /* TabbarController.swift */ = {isa = PBXFileReference; lastKnownFileType = sourcecode.swift; path = TabbarController.swift; sourceTree = "<group>"; };
		74AFAB9E29ACABE700413BD2 /* Store.swift */ = {isa = PBXFileReference; lastKnownFileType = sourcecode.swift; path = Store.swift; sourceTree = "<group>"; };
		74AFABA129ACABF800413BD2 /* Server.swift */ = {isa = PBXFileReference; lastKnownFileType = sourcecode.swift; path = Server.swift; sourceTree = "<group>"; };
		74AFABA429ACBC4200413BD2 /* GamesVC.swift */ = {isa = PBXFileReference; lastKnownFileType = sourcecode.swift; path = GamesVC.swift; sourceTree = "<group>"; };
		74AFABA629ACBC4800413BD2 /* GamesVM.swift */ = {isa = PBXFileReference; lastKnownFileType = sourcecode.swift; path = GamesVM.swift; sourceTree = "<group>"; };
		74AFABAA29ACBC5A00413BD2 /* FavoritesVC.swift */ = {isa = PBXFileReference; lastKnownFileType = sourcecode.swift; path = FavoritesVC.swift; sourceTree = "<group>"; };
		74AFABAC29ACBC5F00413BD2 /* FavoritesVM.swift */ = {isa = PBXFileReference; lastKnownFileType = sourcecode.swift; path = FavoritesVM.swift; sourceTree = "<group>"; };
		74AFABAE29ACBC7100413BD2 /* SearchResultVC.swift */ = {isa = PBXFileReference; lastKnownFileType = sourcecode.swift; path = SearchResultVC.swift; sourceTree = "<group>"; };
		74AFABB029ACBC7A00413BD2 /* SearchResultVM.swift */ = {isa = PBXFileReference; lastKnownFileType = sourcecode.swift; path = SearchResultVM.swift; sourceTree = "<group>"; };
		74AFABB329ACBC9300413BD2 /* DetailVC.swift */ = {isa = PBXFileReference; lastKnownFileType = sourcecode.swift; path = DetailVC.swift; sourceTree = "<group>"; };
		74AFABB529ACBC9700413BD2 /* DetailVM.swift */ = {isa = PBXFileReference; lastKnownFileType = sourcecode.swift; path = DetailVM.swift; sourceTree = "<group>"; };
		74AFABB829ACBD9200413BD2 /* README.md */ = {isa = PBXFileReference; lastKnownFileType = net.daringfireball.markdown; path = README.md; sourceTree = "<group>"; };
		74AFABBC29ACDB5500413BD2 /* ScreenShots.swift */ = {isa = PBXFileReference; lastKnownFileType = sourcecode.swift; path = ScreenShots.swift; sourceTree = "<group>"; };
		74AFABBE29ACDB6800413BD2 /* NetworkResponse.swift */ = {isa = PBXFileReference; lastKnownFileType = sourcecode.swift; path = NetworkResponse.swift; sourceTree = "<group>"; };
		74AFABC129ACDC1C00413BD2 /* GameDetail.swift */ = {isa = PBXFileReference; lastKnownFileType = sourcecode.swift; path = GameDetail.swift; sourceTree = "<group>"; };
		74AFABC329ACDC3A00413BD2 /* GameModel.swift */ = {isa = PBXFileReference; lastKnownFileType = sourcecode.swift; path = GameModel.swift; sourceTree = "<group>"; };
		74B24EE029ACDE35008704F6 /* Constans.swift */ = {isa = PBXFileReference; lastKnownFileType = sourcecode.swift; path = Constans.swift; sourceTree = "<group>"; };
		74B24EE229ACDF0B008704F6 /* Query.swift */ = {isa = PBXFileReference; lastKnownFileType = sourcecode.swift; path = Query.swift; sourceTree = "<group>"; };
		74B24EE629ACF001008704F6 /* SecretKey.swift */ = {isa = PBXFileReference; lastKnownFileType = sourcecode.swift; path = SecretKey.swift; sourceTree = "<group>"; };
		74B24EE829ACF0B9008704F6 /* UICollectionViewLayoutGenerator.swift */ = {isa = PBXFileReference; lastKnownFileType = sourcecode.swift; path = UICollectionViewLayoutGenerator.swift; sourceTree = "<group>"; };
		74B24EEB29ACF11E008704F6 /* GameRequest.swift */ = {isa = PBXFileReference; lastKnownFileType = sourcecode.swift; path = GameRequest.swift; sourceTree = "<group>"; };
		74B24EED29ACF124008704F6 /* GameListRequestManager.swift */ = {isa = PBXFileReference; lastKnownFileType = sourcecode.swift; path = GameListRequestManager.swift; sourceTree = "<group>"; };
		74B24EF029ACF267008704F6 /* Array+Ext.swift */ = {isa = PBXFileReference; lastKnownFileType = sourcecode.swift; path = "Array+Ext.swift"; sourceTree = "<group>"; };
		74B24EF229ACF38A008704F6 /* DataSource+Snapshots.swift */ = {isa = PBXFileReference; lastKnownFileType = sourcecode.swift; path = "DataSource+Snapshots.swift"; sourceTree = "<group>"; };
		74B24EF429ACF3C8008704F6 /* DisplayableResource.swift */ = {isa = PBXFileReference; lastKnownFileType = sourcecode.swift; path = DisplayableResource.swift; sourceTree = "<group>"; };
		74B24EF729ACF70B008704F6 /* UserFriendlyError.swift */ = {isa = PBXFileReference; lastKnownFileType = sourcecode.swift; path = UserFriendlyError.swift; sourceTree = "<group>"; };
		74B24EF929ACF72B008704F6 /* RequestLoader.swift */ = {isa = PBXFileReference; lastKnownFileType = sourcecode.swift; path = RequestLoader.swift; sourceTree = "<group>"; };
		74B24EFC29ADF9DC008704F6 /* GameCell.swift */ = {isa = PBXFileReference; lastKnownFileType = sourcecode.swift; path = GameCell.swift; sourceTree = "<group>"; };
		74B24EFF29ADFBE3008704F6 /* UIView+Ext.swift */ = {isa = PBXFileReference; lastKnownFileType = sourcecode.swift; path = "UIView+Ext.swift"; sourceTree = "<group>"; };
		74B24F0229ADFD01008704F6 /* LatteLabel.swift */ = {isa = PBXFileReference; lastKnownFileType = sourcecode.swift; path = LatteLabel.swift; sourceTree = "<group>"; };
		74B24F0529ADFDD3008704F6 /* Theme.swift */ = {isa = PBXFileReference; lastKnownFileType = sourcecode.swift; path = Theme.swift; sourceTree = "<group>"; };
		74B24F0729AE3823008704F6 /* FavoriteButton.swift */ = {isa = PBXFileReference; lastKnownFileType = sourcecode.swift; path = FavoriteButton.swift; sourceTree = "<group>"; };
		74B24F0929AE448E008704F6 /* ImageFetcher.swift */ = {isa = PBXFileReference; lastKnownFileType = sourcecode.swift; path = ImageFetcher.swift; sourceTree = "<group>"; };
		74B24F0C29AE4616008704F6 /* LoaderReusableView.swift */ = {isa = PBXFileReference; lastKnownFileType = sourcecode.swift; path = LoaderReusableView.swift; sourceTree = "<group>"; };
		74B24F0E29AE4623008704F6 /* SearchReusableView.swift */ = {isa = PBXFileReference; lastKnownFileType = sourcecode.swift; path = SearchReusableView.swift; sourceTree = "<group>"; };
		74B24F1029AE4636008704F6 /* TitleReusableView.swift */ = {isa = PBXFileReference; lastKnownFileType = sourcecode.swift; path = TitleReusableView.swift; sourceTree = "<group>"; };
		74B24F1229AE574E008704F6 /* UIViewController+Ext.swift */ = {isa = PBXFileReference; lastKnownFileType = sourcecode.swift; path = "UIViewController+Ext.swift"; sourceTree = "<group>"; };
		74B24F1429AF7B51008704F6 /* String+Ext.swift */ = {isa = PBXFileReference; lastKnownFileType = sourcecode.swift; path = "String+Ext.swift"; sourceTree = "<group>"; };
		74B24F1629AF7C2C008704F6 /* Date+Ext.swift */ = {isa = PBXFileReference; lastKnownFileType = sourcecode.swift; path = "Date+Ext.swift"; sourceTree = "<group>"; };
		74B24F1929B143F2008704F6 /* LatteImageView.swift */ = {isa = PBXFileReference; lastKnownFileType = sourcecode.swift; path = LatteImageView.swift; sourceTree = "<group>"; };
		74B24F1B29B2803F008704F6 /* GameDetailRequestManager.swift */ = {isa = PBXFileReference; lastKnownFileType = sourcecode.swift; path = GameDetailRequestManager.swift; sourceTree = "<group>"; };
		74B24F1E29B50380008704F6 /* RatingInfoView.swift */ = {isa = PBXFileReference; lastKnownFileType = sourcecode.swift; path = RatingInfoView.swift; sourceTree = "<group>"; };
		74B24F2029B63135008704F6 /* ScreenShotsCell.swift */ = {isa = PBXFileReference; lastKnownFileType = sourcecode.swift; path = ScreenShotsCell.swift; sourceTree = "<group>"; };
		74B24F2229B87474008704F6 /* Debouncer.swift */ = {isa = PBXFileReference; lastKnownFileType = sourcecode.swift; path = Debouncer.swift; sourceTree = "<group>"; };
		74B24F2429B88123008704F6 /* Int+Ext.swift */ = {isa = PBXFileReference; lastKnownFileType = sourcecode.swift; path = "Int+Ext.swift"; sourceTree = "<group>"; };
/* End PBXFileReference section */

/* Begin PBXFrameworksBuildPhase section */
		74AFAB7C29ACAAE500413BD2 /* Frameworks */ = {
			isa = PBXFrameworksBuildPhase;
			buildActionMask = 2147483647;
			files = (
			);
			runOnlyForDeploymentPostprocessing = 0;
		};
/* End PBXFrameworksBuildPhase section */

/* Begin PBXGroup section */
		74AFAB7629ACAAE500413BD2 = {
			isa = PBXGroup;
			children = (
				74AFABB829ACBD9200413BD2 /* README.md */,
				74AFAB8129ACAAE500413BD2 /* LatteGames */,
				74AFAB8029ACAAE500413BD2 /* Products */,
			);
			sourceTree = "<group>";
		};
		74AFAB8029ACAAE500413BD2 /* Products */ = {
			isa = PBXGroup;
			children = (
				74AFAB7F29ACAAE500413BD2 /* LatteGames.app */,
			);
			name = Products;
			sourceTree = "<group>";
		};
		74AFAB8129ACAAE500413BD2 /* LatteGames */ = {
			isa = PBXGroup;
			children = (
				74B24EDF29ACDE2F008704F6 /* Helpers */,
				74AFABB929ACD9A400413BD2 /* Model */,
				74B24EFB29ADF9C9008704F6 /* CustomViews */,
				74AFABA329ACBC2400413BD2 /* Views */,
				74AFABA029ACABF300413BD2 /* Networking */,
				74AFAB9B29ACAB9500413BD2 /* Controllers */,
				74AFAB9929ACAB6800413BD2 /* Support */,
				74B24EEF29ACF25A008704F6 /* Extensions */,
				74AFAB9329ACAAE500413BD2 /* Info.plist */,
				74AFAB9A29ACAB8000413BD2 /* Persistence */,
			);
			path = LatteGames;
			sourceTree = "<group>";
		};
		74AFAB9929ACAB6800413BD2 /* Support */ = {
			isa = PBXGroup;
			children = (
				74AFAB8229ACAAE500413BD2 /* AppDelegate.swift */,
				74AFAB9029ACAAE500413BD2 /* LaunchScreen.storyboard */,
				74AFAB8429ACAAE500413BD2 /* SceneDelegate.swift */,
				74AFAB8E29ACAAE500413BD2 /* Assets.xcassets */,
			);
			path = Support;
			sourceTree = "<group>";
		};
		74AFAB9A29ACAB8000413BD2 /* Persistence */ = {
			isa = PBXGroup;
			children = (
				74AFAB8B29ACAAE500413BD2 /* LatteGames.xcdatamodeld */,
				74AFAB9E29ACABE700413BD2 /* Store.swift */,
			);
			path = Persistence;
			sourceTree = "<group>";
		};
		74AFAB9B29ACAB9500413BD2 /* Controllers */ = {
			isa = PBXGroup;
			children = (
				74AFAB9C29ACABAC00413BD2 /* TabbarController.swift */,
			);
			path = Controllers;
			sourceTree = "<group>";
		};
		74AFABA029ACABF300413BD2 /* Networking */ = {
			isa = PBXGroup;
			children = (
				74B24EEA29ACF116008704F6 /* GameRequest */,
				74AFABA129ACABF800413BD2 /* Server.swift */,
				74B24EE629ACF001008704F6 /* SecretKey.swift */,
				74B24EF929ACF72B008704F6 /* RequestLoader.swift */,
				74B24F0929AE448E008704F6 /* ImageFetcher.swift */,
			);
			path = Networking;
			sourceTree = "<group>";
		};
		74AFABA329ACBC2400413BD2 /* Views */ = {
			isa = PBXGroup;
			children = (
				74AFABA929ACBC5300413BD2 /* Favorites */,
				74AFABA829ACBC4B00413BD2 /* Games */,
				74AFABB229ACBC7D00413BD2 /* Search */,
				74AFABB729ACBC9B00413BD2 /* Detail */,
				74B24EF229ACF38A008704F6 /* DataSource+Snapshots.swift */,
			);
			path = Views;
			sourceTree = "<group>";
		};
		74AFABA829ACBC4B00413BD2 /* Games */ = {
			isa = PBXGroup;
			children = (
				74AFABA429ACBC4200413BD2 /* GamesVC.swift */,
				74AFABA629ACBC4800413BD2 /* GamesVM.swift */,
			);
			path = Games;
			sourceTree = "<group>";
		};
		74AFABA929ACBC5300413BD2 /* Favorites */ = {
			isa = PBXGroup;
			children = (
				74AFABAA29ACBC5A00413BD2 /* FavoritesVC.swift */,
				74AFABAC29ACBC5F00413BD2 /* FavoritesVM.swift */,
			);
			path = Favorites;
			sourceTree = "<group>";
		};
		74AFABB229ACBC7D00413BD2 /* Search */ = {
			isa = PBXGroup;
			children = (
				74AFABAE29ACBC7100413BD2 /* SearchResultVC.swift */,
				74AFABB029ACBC7A00413BD2 /* SearchResultVM.swift */,
			);
			path = Search;
			sourceTree = "<group>";
		};
		74AFABB729ACBC9B00413BD2 /* Detail */ = {
			isa = PBXGroup;
			children = (
				74AFABB329ACBC9300413BD2 /* DetailVC.swift */,
				74AFABB529ACBC9700413BD2 /* DetailVM.swift */,
			);
			path = Detail;
			sourceTree = "<group>";
		};
		74AFABB929ACD9A400413BD2 /* Model */ = {
			isa = PBXGroup;
			children = (
				74B24EF629ACF703008704F6 /* State */,
				74AFABC029ACDBEF00413BD2 /* GameDetail */,
				74AFABBE29ACDB6800413BD2 /* NetworkResponse.swift */,
				74AFABC329ACDC3A00413BD2 /* GameModel.swift */,
				74B24EE229ACDF0B008704F6 /* Query.swift */,
				74B24EF429ACF3C8008704F6 /* DisplayableResource.swift */,
			);
			path = Model;
			sourceTree = "<group>";
		};
		74AFABC029ACDBEF00413BD2 /* GameDetail */ = {
			isa = PBXGroup;
			children = (
				74AFABBC29ACDB5500413BD2 /* ScreenShots.swift */,
				74AFABC129ACDC1C00413BD2 /* GameDetail.swift */,
			);
			path = GameDetail;
			sourceTree = "<group>";
		};
		74B24EDF29ACDE2F008704F6 /* Helpers */ = {
			isa = PBXGroup;
			children = (
				74B24F0429ADFDCD008704F6 /* Utils */,
				74B24EE029ACDE35008704F6 /* Constans.swift */,
				74B24EE829ACF0B9008704F6 /* UICollectionViewLayoutGenerator.swift */,
			);
			path = Helpers;
			sourceTree = "<group>";
		};
		74B24EEA29ACF116008704F6 /* GameRequest */ = {
			isa = PBXGroup;
			children = (
				74B24EEB29ACF11E008704F6 /* GameRequest.swift */,
				74B24EED29ACF124008704F6 /* GameListRequestManager.swift */,
				74B24F1B29B2803F008704F6 /* GameDetailRequestManager.swift */,
			);
			path = GameRequest;
			sourceTree = "<group>";
		};
		74B24EEF29ACF25A008704F6 /* Extensions */ = {
			isa = PBXGroup;
			children = (
				74B24EF029ACF267008704F6 /* Array+Ext.swift */,
				74B24EFF29ADFBE3008704F6 /* UIView+Ext.swift */,
				74B24F1229AE574E008704F6 /* UIViewController+Ext.swift */,
				74B24F1429AF7B51008704F6 /* String+Ext.swift */,
				74B24F1629AF7C2C008704F6 /* Date+Ext.swift */,
				74B24F2429B88123008704F6 /* Int+Ext.swift */,
			);
			path = Extensions;
			sourceTree = "<group>";
		};
		74B24EF629ACF703008704F6 /* State */ = {
			isa = PBXGroup;
			children = (
				74B24EF729ACF70B008704F6 /* UserFriendlyError.swift */,
			);
			path = State;
			sourceTree = "<group>";
		};
		74B24EFB29ADF9C9008704F6 /* CustomViews */ = {
			isa = PBXGroup;
			children = (
				74B24F1D29B50370008704F6 /* RatingInfoView */,
				74B24F1829B143E7008704F6 /* IImageView */,
				74B24F0B29AE4607008704F6 /* ResuableViews */,
				74B24F0129ADFCF9008704F6 /* Labels */,
				74B24EFE29ADFB75008704F6 /* Cells */,
				74B24F0729AE3823008704F6 /* FavoriteButton.swift */,
			);
			path = CustomViews;
			sourceTree = "<group>";
		};
		74B24EFE29ADFB75008704F6 /* Cells */ = {
			isa = PBXGroup;
			children = (
				74B24EFC29ADF9DC008704F6 /* GameCell.swift */,
				74B24F2029B63135008704F6 /* ScreenShotsCell.swift */,
			);
			path = Cells;
			sourceTree = "<group>";
		};
		74B24F0129ADFCF9008704F6 /* Labels */ = {
			isa = PBXGroup;
			children = (
				74B24F0229ADFD01008704F6 /* LatteLabel.swift */,
			);
			path = Labels;
			sourceTree = "<group>";
		};
		74B24F0429ADFDCD008704F6 /* Utils */ = {
			isa = PBXGroup;
			children = (
				74B24F0529ADFDD3008704F6 /* Theme.swift */,
				74B24F2229B87474008704F6 /* Debouncer.swift */,
			);
			path = Utils;
			sourceTree = "<group>";
		};
		74B24F0B29AE4607008704F6 /* ResuableViews */ = {
			isa = PBXGroup;
			children = (
				74B24F0C29AE4616008704F6 /* LoaderReusableView.swift */,
				74B24F0E29AE4623008704F6 /* SearchReusableView.swift */,
				74B24F1029AE4636008704F6 /* TitleReusableView.swift */,
			);
			path = ResuableViews;
			sourceTree = "<group>";
		};
		74B24F1829B143E7008704F6 /* IImageView */ = {
			isa = PBXGroup;
			children = (
				74B24F1929B143F2008704F6 /* LatteImageView.swift */,
			);
			path = IImageView;
			sourceTree = "<group>";
		};
		74B24F1D29B50370008704F6 /* RatingInfoView */ = {
			isa = PBXGroup;
			children = (
				74B24F1E29B50380008704F6 /* RatingInfoView.swift */,
			);
			path = RatingInfoView;
			sourceTree = "<group>";
		};
/* End PBXGroup section */

/* Begin PBXNativeTarget section */
		74AFAB7E29ACAAE500413BD2 /* LatteGames */ = {
			isa = PBXNativeTarget;
			buildConfigurationList = 74AFAB9629ACAAE600413BD2 /* Build configuration list for PBXNativeTarget "LatteGames" */;
			buildPhases = (
				74AFAB7B29ACAAE500413BD2 /* Sources */,
				74AFAB7C29ACAAE500413BD2 /* Frameworks */,
				74AFAB7D29ACAAE500413BD2 /* Resources */,
			);
			buildRules = (
			);
			dependencies = (
			);
			name = LatteGames;
			productName = LatteGames;
			productReference = 74AFAB7F29ACAAE500413BD2 /* LatteGames.app */;
			productType = "com.apple.product-type.application";
		};
/* End PBXNativeTarget section */

/* Begin PBXProject section */
		74AFAB7729ACAAE500413BD2 /* Project object */ = {
			isa = PBXProject;
			attributes = {
				BuildIndependentTargetsInParallel = 1;
				LastSwiftUpdateCheck = 1420;
				LastUpgradeCheck = 1420;
				TargetAttributes = {
					74AFAB7E29ACAAE500413BD2 = {
						CreatedOnToolsVersion = 14.2;
					};
				};
			};
			buildConfigurationList = 74AFAB7A29ACAAE500413BD2 /* Build configuration list for PBXProject "LatteGames" */;
			compatibilityVersion = "Xcode 14.0";
			developmentRegion = en;
			hasScannedForEncodings = 0;
			knownRegions = (
				en,
				Base,
			);
			mainGroup = 74AFAB7629ACAAE500413BD2;
			productRefGroup = 74AFAB8029ACAAE500413BD2 /* Products */;
			projectDirPath = "";
			projectRoot = "";
			targets = (
				74AFAB7E29ACAAE500413BD2 /* LatteGames */,
			);
		};
/* End PBXProject section */

/* Begin PBXResourcesBuildPhase section */
		74AFAB7D29ACAAE500413BD2 /* Resources */ = {
			isa = PBXResourcesBuildPhase;
			buildActionMask = 2147483647;
			files = (
				74AFAB9229ACAAE500413BD2 /* LaunchScreen.storyboard in Resources */,
				74AFAB8F29ACAAE500413BD2 /* Assets.xcassets in Resources */,
			);
			runOnlyForDeploymentPostprocessing = 0;
		};
/* End PBXResourcesBuildPhase section */

/* Begin PBXSourcesBuildPhase section */
		74AFAB7B29ACAAE500413BD2 /* Sources */ = {
			isa = PBXSourcesBuildPhase;
			buildActionMask = 2147483647;
			files = (
				74B24EE329ACDF0B008704F6 /* Query.swift in Sources */,
				74B24EEE29ACF124008704F6 /* GameListRequestManager.swift in Sources */,
				74B24EF129ACF267008704F6 /* Array+Ext.swift in Sources */,
				74AFABAB29ACBC5A00413BD2 /* FavoritesVC.swift in Sources */,
				74B24F1129AE4636008704F6 /* TitleReusableView.swift in Sources */,
				74B24F0A29AE448E008704F6 /* ImageFetcher.swift in Sources */,
				74B24EFA29ACF72B008704F6 /* RequestLoader.swift in Sources */,
				74B24F0329ADFD01008704F6 /* LatteLabel.swift in Sources */,
				74B24EFD29ADF9DC008704F6 /* GameCell.swift in Sources */,
				74AFABA229ACABF800413BD2 /* Server.swift in Sources */,
				74AFABAD29ACBC5F00413BD2 /* FavoritesVM.swift in Sources */,
				74B24F1F29B50380008704F6 /* RatingInfoView.swift in Sources */,
				74B24EE729ACF001008704F6 /* SecretKey.swift in Sources */,
				74B24F1729AF7C2C008704F6 /* Date+Ext.swift in Sources */,
				74B24F1A29B143F2008704F6 /* LatteImageView.swift in Sources */,
				74B24F2529B88123008704F6 /* Int+Ext.swift in Sources */,
				74AFABB629ACBC9700413BD2 /* DetailVM.swift in Sources */,
				74B24EF829ACF70B008704F6 /* UserFriendlyError.swift in Sources */,
				74B24F1329AE574E008704F6 /* UIViewController+Ext.swift in Sources */,
				74AFAB8329ACAAE500413BD2 /* AppDelegate.swift in Sources */,
				74B24F0829AE3823008704F6 /* FavoriteButton.swift in Sources */,
				74AFAB8D29ACAAE500413BD2 /* LatteGames.xcdatamodeld in Sources */,
				74B24F0029ADFBE3008704F6 /* UIView+Ext.swift in Sources */,
				74B24F0629ADFDD3008704F6 /* Theme.swift in Sources */,
				74B24EEC29ACF11E008704F6 /* GameRequest.swift in Sources */,
				74B24EF529ACF3C8008704F6 /* DisplayableResource.swift in Sources */,
				74B24F0D29AE4616008704F6 /* LoaderReusableView.swift in Sources */,
				74AFABA729ACBC4800413BD2 /* GamesVM.swift in Sources */,
				74B24F2129B63135008704F6 /* ScreenShotsCell.swift in Sources */,
				74AFAB9F29ACABE700413BD2 /* Store.swift in Sources */,
				74B24EE929ACF0B9008704F6 /* UICollectionViewLayoutGenerator.swift in Sources */,
				74B24EE129ACDE35008704F6 /* Constans.swift in Sources */,
				74B24F1C29B2803F008704F6 /* GameDetailRequestManager.swift in Sources */,
				74AFABB129ACBC7A00413BD2 /* SearchResultVM.swift in Sources */,
				74AFAB9D29ACABAC00413BD2 /* TabbarController.swift in Sources */,
				74AFABAF29ACBC7100413BD2 /* SearchResultVC.swift in Sources */,
				74AFABC429ACDC3A00413BD2 /* GameModel.swift in Sources */,
				74AFABBF29ACDB6800413BD2 /* NetworkResponse.swift in Sources */,
				74B24F2329B87474008704F6 /* Debouncer.swift in Sources */,
				74AFABA529ACBC4200413BD2 /* GamesVC.swift in Sources */,
				74AFABBD29ACDB5500413BD2 /* ScreenShots.swift in Sources */,
				74AFAB8529ACAAE500413BD2 /* SceneDelegate.swift in Sources */,
				74AFABC229ACDC1C00413BD2 /* GameDetail.swift in Sources */,
				74B24EF329ACF38A008704F6 /* DataSource+Snapshots.swift in Sources */,
				74B24F0F29AE4623008704F6 /* SearchReusableView.swift in Sources */,
				74B24F1529AF7B51008704F6 /* String+Ext.swift in Sources */,
				74AFABB429ACBC9300413BD2 /* DetailVC.swift in Sources */,
			);
			runOnlyForDeploymentPostprocessing = 0;
		};
/* End PBXSourcesBuildPhase section */

/* Begin PBXVariantGroup section */
		74AFAB9029ACAAE500413BD2 /* LaunchScreen.storyboard */ = {
			isa = PBXVariantGroup;
			children = (
				74AFAB9129ACAAE500413BD2 /* Base */,
			);
			name = LaunchScreen.storyboard;
			sourceTree = "<group>";
		};
/* End PBXVariantGroup section */

/* Begin XCBuildConfiguration section */
		74AFAB9429ACAAE500413BD2 /* Debug */ = {
			isa = XCBuildConfiguration;
			buildSettings = {
				ALWAYS_SEARCH_USER_PATHS = NO;
				CLANG_ANALYZER_NONNULL = YES;
				CLANG_ANALYZER_NUMBER_OBJECT_CONVERSION = YES_AGGRESSIVE;
				CLANG_CXX_LANGUAGE_STANDARD = "gnu++20";
				CLANG_ENABLE_MODULES = YES;
				CLANG_ENABLE_OBJC_ARC = YES;
				CLANG_ENABLE_OBJC_WEAK = YES;
				CLANG_WARN_BLOCK_CAPTURE_AUTORELEASING = YES;
				CLANG_WARN_BOOL_CONVERSION = YES;
				CLANG_WARN_COMMA = YES;
				CLANG_WARN_CONSTANT_CONVERSION = YES;
				CLANG_WARN_DEPRECATED_OBJC_IMPLEMENTATIONS = YES;
				CLANG_WARN_DIRECT_OBJC_ISA_USAGE = YES_ERROR;
				CLANG_WARN_DOCUMENTATION_COMMENTS = YES;
				CLANG_WARN_EMPTY_BODY = YES;
				CLANG_WARN_ENUM_CONVERSION = YES;
				CLANG_WARN_INFINITE_RECURSION = YES;
				CLANG_WARN_INT_CONVERSION = YES;
				CLANG_WARN_NON_LITERAL_NULL_CONVERSION = YES;
				CLANG_WARN_OBJC_IMPLICIT_RETAIN_SELF = YES;
				CLANG_WARN_OBJC_LITERAL_CONVERSION = YES;
				CLANG_WARN_OBJC_ROOT_CLASS = YES_ERROR;
				CLANG_WARN_QUOTED_INCLUDE_IN_FRAMEWORK_HEADER = YES;
				CLANG_WARN_RANGE_LOOP_ANALYSIS = YES;
				CLANG_WARN_STRICT_PROTOTYPES = YES;
				CLANG_WARN_SUSPICIOUS_MOVE = YES;
				CLANG_WARN_UNGUARDED_AVAILABILITY = YES_AGGRESSIVE;
				CLANG_WARN_UNREACHABLE_CODE = YES;
				CLANG_WARN__DUPLICATE_METHOD_MATCH = YES;
				COPY_PHASE_STRIP = NO;
				DEBUG_INFORMATION_FORMAT = dwarf;
				ENABLE_STRICT_OBJC_MSGSEND = YES;
				ENABLE_TESTABILITY = YES;
				GCC_C_LANGUAGE_STANDARD = gnu11;
				GCC_DYNAMIC_NO_PIC = NO;
				GCC_NO_COMMON_BLOCKS = YES;
				GCC_OPTIMIZATION_LEVEL = 0;
				GCC_PREPROCESSOR_DEFINITIONS = (
					"DEBUG=1",
					"$(inherited)",
				);
				GCC_WARN_64_TO_32_BIT_CONVERSION = YES;
				GCC_WARN_ABOUT_RETURN_TYPE = YES_ERROR;
				GCC_WARN_UNDECLARED_SELECTOR = YES;
				GCC_WARN_UNINITIALIZED_AUTOS = YES_AGGRESSIVE;
				GCC_WARN_UNUSED_FUNCTION = YES;
				GCC_WARN_UNUSED_VARIABLE = YES;
				IPHONEOS_DEPLOYMENT_TARGET = 15.0;
				MTL_ENABLE_DEBUG_INFO = INCLUDE_SOURCE;
				MTL_FAST_MATH = YES;
				ONLY_ACTIVE_ARCH = YES;
				SDKROOT = iphoneos;
				SWIFT_ACTIVE_COMPILATION_CONDITIONS = DEBUG;
				SWIFT_OPTIMIZATION_LEVEL = "-Onone";
			};
			name = Debug;
		};
		74AFAB9529ACAAE500413BD2 /* Release */ = {
			isa = XCBuildConfiguration;
			buildSettings = {
				ALWAYS_SEARCH_USER_PATHS = NO;
				CLANG_ANALYZER_NONNULL = YES;
				CLANG_ANALYZER_NUMBER_OBJECT_CONVERSION = YES_AGGRESSIVE;
				CLANG_CXX_LANGUAGE_STANDARD = "gnu++20";
				CLANG_ENABLE_MODULES = YES;
				CLANG_ENABLE_OBJC_ARC = YES;
				CLANG_ENABLE_OBJC_WEAK = YES;
				CLANG_WARN_BLOCK_CAPTURE_AUTORELEASING = YES;
				CLANG_WARN_BOOL_CONVERSION = YES;
				CLANG_WARN_COMMA = YES;
				CLANG_WARN_CONSTANT_CONVERSION = YES;
				CLANG_WARN_DEPRECATED_OBJC_IMPLEMENTATIONS = YES;
				CLANG_WARN_DIRECT_OBJC_ISA_USAGE = YES_ERROR;
				CLANG_WARN_DOCUMENTATION_COMMENTS = YES;
				CLANG_WARN_EMPTY_BODY = YES;
				CLANG_WARN_ENUM_CONVERSION = YES;
				CLANG_WARN_INFINITE_RECURSION = YES;
				CLANG_WARN_INT_CONVERSION = YES;
				CLANG_WARN_NON_LITERAL_NULL_CONVERSION = YES;
				CLANG_WARN_OBJC_IMPLICIT_RETAIN_SELF = YES;
				CLANG_WARN_OBJC_LITERAL_CONVERSION = YES;
				CLANG_WARN_OBJC_ROOT_CLASS = YES_ERROR;
				CLANG_WARN_QUOTED_INCLUDE_IN_FRAMEWORK_HEADER = YES;
				CLANG_WARN_RANGE_LOOP_ANALYSIS = YES;
				CLANG_WARN_STRICT_PROTOTYPES = YES;
				CLANG_WARN_SUSPICIOUS_MOVE = YES;
				CLANG_WARN_UNGUARDED_AVAILABILITY = YES_AGGRESSIVE;
				CLANG_WARN_UNREACHABLE_CODE = YES;
				CLANG_WARN__DUPLICATE_METHOD_MATCH = YES;
				COPY_PHASE_STRIP = NO;
				DEBUG_INFORMATION_FORMAT = "dwarf-with-dsym";
				ENABLE_NS_ASSERTIONS = NO;
				ENABLE_STRICT_OBJC_MSGSEND = YES;
				GCC_C_LANGUAGE_STANDARD = gnu11;
				GCC_NO_COMMON_BLOCKS = YES;
				GCC_WARN_64_TO_32_BIT_CONVERSION = YES;
				GCC_WARN_ABOUT_RETURN_TYPE = YES_ERROR;
				GCC_WARN_UNDECLARED_SELECTOR = YES;
				GCC_WARN_UNINITIALIZED_AUTOS = YES_AGGRESSIVE;
				GCC_WARN_UNUSED_FUNCTION = YES;
				GCC_WARN_UNUSED_VARIABLE = YES;
				IPHONEOS_DEPLOYMENT_TARGET = 15.0;
				MTL_ENABLE_DEBUG_INFO = NO;
				MTL_FAST_MATH = YES;
				SDKROOT = iphoneos;
				SWIFT_COMPILATION_MODE = wholemodule;
				SWIFT_OPTIMIZATION_LEVEL = "-O";
				VALIDATE_PRODUCT = YES;
			};
			name = Release;
		};
		74AFAB9729ACAAE600413BD2 /* Debug */ = {
			isa = XCBuildConfiguration;
			buildSettings = {
				ASSETCATALOG_COMPILER_APPICON_NAME = AppIcon;
				ASSETCATALOG_COMPILER_GLOBAL_ACCENT_COLOR_NAME = AccentColor;
				CODE_SIGN_STYLE = Automatic;
				CURRENT_PROJECT_VERSION = 1;
				DEVELOPMENT_TEAM = 3JFC7AD7WA;
				GENERATE_INFOPLIST_FILE = YES;
				INFOPLIST_FILE = LatteGames/Info.plist;
				INFOPLIST_KEY_UIApplicationSupportsIndirectInputEvents = YES;
				INFOPLIST_KEY_UILaunchStoryboardName = LaunchScreen;
				INFOPLIST_KEY_UISupportedInterfaceOrientations = UIInterfaceOrientationPortrait;
				INFOPLIST_KEY_UISupportedInterfaceOrientations_iPad = "UIInterfaceOrientationLandscapeLeft UIInterfaceOrientationLandscapeRight UIInterfaceOrientationPortrait UIInterfaceOrientationPortraitUpsideDown";
				IPHONEOS_DEPLOYMENT_TARGET = 15.0;
				LD_RUNPATH_SEARCH_PATHS = (
					"$(inherited)",
					"@executable_path/Frameworks",
				);
				MARKETING_VERSION = 1.0;
				PRODUCT_BUNDLE_IDENTIFIER = comMuhammed.LatteGames;
				PRODUCT_NAME = "$(TARGET_NAME)";
				SUPPORTED_PLATFORMS = "iphoneos iphonesimulator";
				SUPPORTS_MACCATALYST = NO;
				SUPPORTS_MAC_DESIGNED_FOR_IPHONE_IPAD = NO;
				SWIFT_EMIT_LOC_STRINGS = YES;
				SWIFT_VERSION = 5.0;
				TARGETED_DEVICE_FAMILY = 1;
			};
			name = Debug;
		};
		74AFAB9829ACAAE600413BD2 /* Release */ = {
			isa = XCBuildConfiguration;
			buildSettings = {
				ASSETCATALOG_COMPILER_APPICON_NAME = AppIcon;
				ASSETCATALOG_COMPILER_GLOBAL_ACCENT_COLOR_NAME = AccentColor;
				CODE_SIGN_STYLE = Automatic;
				CURRENT_PROJECT_VERSION = 1;
				DEVELOPMENT_TEAM = 3JFC7AD7WA;
				GENERATE_INFOPLIST_FILE = YES;
				INFOPLIST_FILE = LatteGames/Info.plist;
				INFOPLIST_KEY_UIApplicationSupportsIndirectInputEvents = YES;
				INFOPLIST_KEY_UILaunchStoryboardName = LaunchScreen;
				INFOPLIST_KEY_UISupportedInterfaceOrientations = UIInterfaceOrientationPortrait;
				INFOPLIST_KEY_UISupportedInterfaceOrientations_iPad = "UIInterfaceOrientationLandscapeLeft UIInterfaceOrientationLandscapeRight UIInterfaceOrientationPortrait UIInterfaceOrientationPortraitUpsideDown";
				IPHONEOS_DEPLOYMENT_TARGET = 15.0;
				LD_RUNPATH_SEARCH_PATHS = (
					"$(inherited)",
					"@executable_path/Frameworks",
				);
				MARKETING_VERSION = 1.0;
				PRODUCT_BUNDLE_IDENTIFIER = comMuhammed.LatteGames;
				PRODUCT_NAME = "$(TARGET_NAME)";
				SUPPORTED_PLATFORMS = "iphoneos iphonesimulator";
				SUPPORTS_MACCATALYST = NO;
				SUPPORTS_MAC_DESIGNED_FOR_IPHONE_IPAD = NO;
				SWIFT_EMIT_LOC_STRINGS = YES;
				SWIFT_VERSION = 5.0;
				TARGETED_DEVICE_FAMILY = 1;
			};
			name = Release;
		};
/* End XCBuildConfiguration section */

/* Begin XCConfigurationList section */
		74AFAB7A29ACAAE500413BD2 /* Build configuration list for PBXProject "LatteGames" */ = {
			isa = XCConfigurationList;
			buildConfigurations = (
				74AFAB9429ACAAE500413BD2 /* Debug */,
				74AFAB9529ACAAE500413BD2 /* Release */,
			);
			defaultConfigurationIsVisible = 0;
			defaultConfigurationName = Release;
		};
		74AFAB9629ACAAE600413BD2 /* Build configuration list for PBXNativeTarget "LatteGames" */ = {
			isa = XCConfigurationList;
			buildConfigurations = (
				74AFAB9729ACAAE600413BD2 /* Debug */,
				74AFAB9829ACAAE600413BD2 /* Release */,
			);
			defaultConfigurationIsVisible = 0;
			defaultConfigurationName = Release;
		};
/* End XCConfigurationList section */

/* Begin XCVersionGroup section */
		74AFAB8B29ACAAE500413BD2 /* LatteGames.xcdatamodeld */ = {
			isa = XCVersionGroup;
			children = (
				74AFAB8C29ACAAE500413BD2 /* LatteGames.xcdatamodel */,
			);
			currentVersion = 74AFAB8C29ACAAE500413BD2 /* LatteGames.xcdatamodel */;
			path = LatteGames.xcdatamodeld;
			sourceTree = "<group>";
			versionGroupType = wrapper.xcdatamodel;
		};
/* End XCVersionGroup section */
	};
	rootObject = 74AFAB7729ACAAE500413BD2 /* Project object */;
}
